<Solution>
  <Folder Name="/src/">
    <Project Path="src/NotepadTidy.Cli/NotepadTidy.Cli.csproj" />
    <Project Path="src/NotepadTidy.Core/NotepadTidy.Core.csproj" />
  </Folder>
  <Folder Name="/tests/">
    <Project Path="tests/NotepadTidy.Core.Tests/NotepadTidy.Core.Tests.csproj" />
  </Folder>
</Solution>
